// !$*UTF8*$!
{
	archiveVersion = 1;
	classes = {
	};
	objectVersion = 46;
	objects = {

/* Begin PBXBuildFile section */
		13491C7D1E24250F00E5B0EA /* build.cc in Sources */ = {isa = PBXBuildFile; fileRef = 13491C7A1E24250F00E5B0EA /* build.cc */; };
/* End PBXBuildFile section */

/* Begin PBXCopyFilesBuildPhase section */
		13491C701E2424E300E5B0EA /* CopyFiles */ = {
			isa = PBXCopyFilesBuildPhase;
			buildActionMask = 2147483647;
			dstPath = /usr/share/man/man1/;
			dstSubfolderSpec = 0;
			files = (
			);
			runOnlyForDeploymentPostprocessing = 1;
		};
/* End PBXCopyFilesBuildPhase section */

/* Begin PBXFileReference section */
		13491C721E2424E300E5B0EA /* Strap */ = {isa = PBXFileReference; explicitFileType = "compiled.mach-o.executable"; includeInIndex = 0; path = Strap; sourceTree = BUILT_PRODUCTS_DIR; };
		13491C7A1E24250F00E5B0EA /* build.cc */ = {isa = PBXFileReference; fileEncoding = 4; lastKnownFileType = sourcecode.cpp.cpp; name = build.cc; path = build/build.cc; sourceTree = "<group>"; };
		13491C7B1E24250F00E5B0EA /* build.h */ = {isa = PBXFileReference; fileEncoding = 4; lastKnownFileType = sourcecode.c.h; name = build.h; path = build/build.h; sourceTree = "<group>"; };
		13491C7C1E24250F00E5B0EA /* Header.h */ = {isa = PBXFileReference; fileEncoding = 4; lastKnownFileType = sourcecode.c.h; name = Header.h; path = build/Header.h; sourceTree = "<group>"; };
		13C7FCDE1E2D9496002E7AA3 /* Apply.dl */ = {isa = PBXFileReference; lastKnownFileType = text; path = Apply.dl; sourceTree = "<group>"; };
		13C7FCDF1E2D9496002E7AA3 /* Ast.dl */ = {isa = PBXFileReference; lastKnownFileType = text; path = Ast.dl; sourceTree = "<group>"; };
		13C7FCE11E2D9496002E7AA3 /* build.cc */ = {isa = PBXFileReference; lastKnownFileType = sourcecode.cpp.cpp; path = build.cc; sourceTree = "<group>"; };
		13C7FCE21E2D9496002E7AA3 /* build.h */ = {isa = PBXFileReference; lastKnownFileType = sourcecode.c.h; path = build.h; sourceTree = "<group>"; };
		13C7FCE31E2D9496002E7AA3 /* Header.h */ = {isa = PBXFileReference; lastKnownFileType = sourcecode.c.h; path = Header.h; sourceTree = "<group>"; };
		13C7FCE41E2D9496002E7AA3 /* out */ = {isa = PBXFileReference; lastKnownFileType = "compiled.mach-o.executable"; path = out; sourceTree = "<group>"; };
		13C7FCE51E2D9496002E7AA3 /* out.dSYM */ = {isa = PBXFileReference; lastKnownFileType = wrapper.dsym; path = out.dSYM; sourceTree = "<group>"; };
		13C7FCE91E2D9496002E7AA3 /* Array.dl */ = {isa = PBXFileReference; lastKnownFileType = text; path = Array.dl; sourceTree = "<group>"; };
		13C7FCEA1E2D9496002E7AA3 /* c.dl */ = {isa = PBXFileReference; lastKnownFileType = text; path = c.dl; sourceTree = "<group>"; };
		13C7FCEB1E2D9496002E7AA3 /* Conversion.dl */ = {isa = PBXFileReference; lastKnownFileType = text; path = Conversion.dl; sourceTree = "<group>"; };
		13C7FCEC1E2D9496002E7AA3 /* Math.dl */ = {isa = PBXFileReference; lastKnownFileType = text; path = Math.dl; sourceTree = "<group>"; };
		13C7FCED1E2D9496002E7AA3 /* Memory.dl */ = {isa = PBXFileReference; lastKnownFileType = text; path = Memory.dl; sourceTree = "<group>"; };
		13C7FCEE1E2D9496002E7AA3 /* String.dl */ = {isa = PBXFileReference; lastKnownFileType = text; path = String.dl; sourceTree = "<group>"; };
		13C7FCF01E2D9496002E7AA3 /* Block.dl */ = {isa = PBXFileReference; lastKnownFileType = text; path = Block.dl; sourceTree = "<group>"; };
		13C7FCF11E2D9496002E7AA3 /* Call.dl */ = {isa = PBXFileReference; lastKnownFileType = text; path = Call.dl; sourceTree = "<group>"; };
		13C7FCF21E2D9496002E7AA3 /* Control.dl */ = {isa = PBXFileReference; lastKnownFileType = text; path = Control.dl; sourceTree = "<group>"; };
		13C7FCF31E2D9496002E7AA3 /* Expr.dl */ = {isa = PBXFileReference; lastKnownFileType = text; path = Expr.dl; sourceTree = "<group>"; };
		13C7FCF41E2D9496002E7AA3 /* Function.dl */ = {isa = PBXFileReference; lastKnownFileType = text; path = Function.dl; sourceTree = "<group>"; };
		13C7FCF51E2D9496002E7AA3 /* Structure.dl */ = {isa = PBXFileReference; lastKnownFileType = text; path = Structure.dl; sourceTree = "<group>"; };
		13C7FCF61E2D9496002E7AA3 /* Trait.dl */ = {isa = PBXFileReference; lastKnownFileType = text; path = Trait.dl; sourceTree = "<group>"; };
		13C7FCF71E2D9496002E7AA3 /* Type.dl */ = {isa = PBXFileReference; lastKnownFileType = text; path = Type.dl; sourceTree = "<group>"; };
		13C7FCF81E2D9496002E7AA3 /* Variable.dl */ = {isa = PBXFileReference; lastKnownFileType = text; path = Variable.dl; sourceTree = "<group>"; };
		13C7FCF91E2D9496002E7AA3 /* Generate.dl */ = {isa = PBXFileReference; lastKnownFileType = text; path = Generate.dl; sourceTree = "<group>"; };
		13C7FCFA1E2D9496002E7AA3 /* Intrinsic.dl */ = {isa = PBXFileReference; lastKnownFileType = text; path = Intrinsic.dl; sourceTree = "<group>"; };
		13C7FCFB1E2D9496002E7AA3 /* Lexer.dl */ = {isa = PBXFileReference; lastKnownFileType = text; path = Lexer.dl; sourceTree = "<group>"; };
		13C7FCFC1E2D9496002E7AA3 /* Main.dl */ = {isa = PBXFileReference; lastKnownFileType = text; path = Main.dl; sourceTree = "<group>"; };
		13C7FCFD1E2D9496002E7AA3 /* Print.dl */ = {isa = PBXFileReference; lastKnownFileType = text; path = Print.dl; sourceTree = "<group>"; };
		13C7FCFE1E2D9496002E7AA3 /* Project.dl */ = {isa = PBXFileReference; lastKnownFileType = text; path = Project.dl; sourceTree = "<group>"; };
		13C7FCFF1E2D9496002E7AA3 /* Semantic.dl */ = {isa = PBXFileReference; lastKnownFileType = text; path = Semantic.dl; sourceTree = "<group>"; };
		13C7FD001E2D9496002E7AA3 /* Test.dl */ = {isa = PBXFileReference; lastKnownFileType = text; path = Test.dl; sourceTree = "<group>"; };
		13C7FD011E2D954D002E7AA3 /* Strap */ = {isa = PBXFileReference; lastKnownFileType = folder; path = Strap; sourceTree = "<group>"; };
/* End PBXFileReference section */

/* Begin PBXFrameworksBuildPhase section */
		13491C6F1E2424E300E5B0EA /* Frameworks */ = {
			isa = PBXFrameworksBuildPhase;
			buildActionMask = 2147483647;
			files = (
			);
			runOnlyForDeploymentPostprocessing = 0;
		};
/* End PBXFrameworksBuildPhase section */

/* Begin PBXGroup section */
		13491C731E2424E300E5B0EA /* Strap */ = {
			isa = PBXGroup;
			children = (
				13491C7A1E24250F00E5B0EA /* build.cc */,
				13491C7B1E24250F00E5B0EA /* build.h */,
				13491C7C1E24250F00E5B0EA /* Header.h */,
			);
			path = Strap;
			sourceTree = "<group>";
		};
		13C7FCDD1E2D9496002E7AA3 /* Strap */ = {
			isa = PBXGroup;
			children = (
				13C7FCDE1E2D9496002E7AA3 /* Apply.dl */,
				13C7FCDF1E2D9496002E7AA3 /* Ast.dl */,
				13C7FCE01E2D9496002E7AA3 /* build */,
				13C7FCE81E2D9496002E7AA3 /* dl */,
				13C7FCEF1E2D9496002E7AA3 /* Expr */,
				13C7FCF91E2D9496002E7AA3 /* Generate.dl */,
				13C7FCFA1E2D9496002E7AA3 /* Intrinsic.dl */,
				13C7FCFB1E2D9496002E7AA3 /* Lexer.dl */,
				13C7FCFC1E2D9496002E7AA3 /* Main.dl */,
				13C7FCFD1E2D9496002E7AA3 /* Print.dl */,
				13C7FCFE1E2D9496002E7AA3 /* Project.dl */,
				13C7FCFF1E2D9496002E7AA3 /* Semantic.dl */,
				13C7FD001E2D9496002E7AA3 /* Test.dl */,
			);
			path = Strap;
			sourceTree = "<group>";
		};
		13C7FCE01E2D9496002E7AA3 /* build */ = {
			isa = PBXGroup;
			children = (
				13C7FCE11E2D9496002E7AA3 /* build.cc */,
				13C7FCE21E2D9496002E7AA3 /* build.h */,
				13C7FCE31E2D9496002E7AA3 /* Header.h */,
				13C7FCE41E2D9496002E7AA3 /* out */,
				13C7FCE51E2D9496002E7AA3 /* out.dSYM */,
			);
			path = build;
			sourceTree = "<group>";
		};
		13C7FCE81E2D9496002E7AA3 /* dl */ = {
			isa = PBXGroup;
			children = (
				13C7FCE91E2D9496002E7AA3 /* Array.dl */,
				13C7FCEA1E2D9496002E7AA3 /* c.dl */,
				13C7FCEB1E2D9496002E7AA3 /* Conversion.dl */,
				13C7FCEC1E2D9496002E7AA3 /* Math.dl */,
				13C7FCED1E2D9496002E7AA3 /* Memory.dl */,
				13C7FCEE1E2D9496002E7AA3 /* String.dl */,
			);
			path = dl;
			sourceTree = "<group>";
		};
		13C7FCEF1E2D9496002E7AA3 /* Expr */ = {
			isa = PBXGroup;
			children = (
				13C7FCF01E2D9496002E7AA3 /* Block.dl */,
				13C7FCF11E2D9496002E7AA3 /* Call.dl */,
				13C7FCF21E2D9496002E7AA3 /* Control.dl */,
				13C7FCF31E2D9496002E7AA3 /* Expr.dl */,
				13C7FCF41E2D9496002E7AA3 /* Function.dl */,
				13C7FCF51E2D9496002E7AA3 /* Structure.dl */,
				13C7FCF61E2D9496002E7AA3 /* Trait.dl */,
				13C7FCF71E2D9496002E7AA3 /* Type.dl */,
				13C7FCF81E2D9496002E7AA3 /* Variable.dl */,
			);
			path = Expr;
			sourceTree = "<group>";
		};
		556E59AE1A07B0B80066F25D = {
			isa = PBXGroup;
			children = (
				13C7FD011E2D954D002E7AA3 /* Strap */,
				13C7FCDD1E2D9496002E7AA3 /* Strap */,
				13491C731E2424E300E5B0EA /* Strap */,
				556E59B81A07B0B80066F25D /* Products */,
			);
			sourceTree = "<group>";
		};
		556E59B81A07B0B80066F25D /* Products */ = {
			isa = PBXGroup;
			children = (
				13491C721E2424E300E5B0EA /* Strap */,
			);
			name = Products;
			sourceTree = "<group>";
		};
/* End PBXGroup section */

/* Begin PBXNativeTarget section */
		13491C711E2424E300E5B0EA /* Strap */ = {
			isa = PBXNativeTarget;
			buildConfigurationList = 13491C761E2424E300E5B0EA /* Build configuration list for PBXNativeTarget "Strap" */;
			buildPhases = (
				13491C6E1E2424E300E5B0EA /* Sources */,
				13491C6F1E2424E300E5B0EA /* Frameworks */,
				13491C701E2424E300E5B0EA /* CopyFiles */,
				13491C7E1E2425EB00E5B0EA /* ShellScript */,
			);
			buildRules = (
			);
			dependencies = (
			);
			name = Strap;
			productName = Strap;
			productReference = 13491C721E2424E300E5B0EA /* Strap */;
			productType = "com.apple.product-type.tool";
		};
/* End PBXNativeTarget section */

/* Begin PBXProject section */
		556E59AF1A07B0B80066F25D /* Project object */ = {
			isa = PBXProject;
			attributes = {
				LastUpgradeCheck = 0800;
				ORGANIZATIONNAME = "David Leroy Futscher";
				TargetAttributes = {
					13491C711E2424E300E5B0EA = {
						CreatedOnToolsVersion = 8.2.1;
						ProvisioningStyle = Automatic;
					};
				};
			};
			buildConfigurationList = 556E59B21A07B0B80066F25D /* Build configuration list for PBXProject "Strap" */;
			compatibilityVersion = "Xcode 3.2";
			developmentRegion = English;
			hasScannedForEncodings = 0;
			knownRegions = (
				en,
			);
			mainGroup = 556E59AE1A07B0B80066F25D;
			productRefGroup = 556E59B81A07B0B80066F25D /* Products */;
			projectDirPath = "";
			projectRoot = "";
			targets = (
				13491C711E2424E300E5B0EA /* Strap */,
			);
		};
/* End PBXProject section */

/* Begin PBXShellScriptBuildPhase section */
		13491C7E1E2425EB00E5B0EA /* ShellScript */ = {
			isa = PBXShellScriptBuildPhase;
			buildActionMask = 2147483647;
			files = (
			);
			inputPaths = (
			);
			outputPaths = (
			);
			runOnlyForDeploymentPostprocessing = 0;
			shellPath = /bin/sh;
			shellScript = "/Users/David/Desktop/dl/Tools/dl/Release/dl Strap/Main.dl";
		};
/* End PBXShellScriptBuildPhase section */

/* Begin PBXSourcesBuildPhase section */
		13491C6E1E2424E300E5B0EA /* Sources */ = {
			isa = PBXSourcesBuildPhase;
			buildActionMask = 2147483647;
			files = (
				13491C7D1E24250F00E5B0EA /* build.cc in Sources */,
			);
			runOnlyForDeploymentPostprocessing = 0;
		};
/* End PBXSourcesBuildPhase section */

/* Begin XCBuildConfiguration section */
		13491C771E2424E300E5B0EA /* Debug */ = {
			isa = XCBuildConfiguration;
			buildSettings = {
				CLANG_ANALYZER_NONNULL = YES;
				CLANG_WARN_DOCUMENTATION_COMMENTS = YES;
				CODE_SIGN_IDENTITY = "-";
				DEBUG_INFORMATION_FORMAT = dwarf;
				GCC_WARN_ABOUT_RETURN_TYPE = NO;
				MACOSX_DEPLOYMENT_TARGET = 10.12;
				PRODUCT_NAME = "$(TARGET_NAME)";
			};
			name = Debug;
		};
		13491C781E2424E300E5B0EA /* Release */ = {
			isa = XCBuildConfiguration;
			buildSettings = {
				CLANG_ANALYZER_NONNULL = YES;
				CLANG_WARN_DOCUMENTATION_COMMENTS = YES;
				CODE_SIGN_IDENTITY = "-";
				COPY_PHASE_STRIP = NO;
				GCC_WARN_ABOUT_RETURN_TYPE = NO;
				MACOSX_DEPLOYMENT_TARGET = 10.12;
				PRODUCT_NAME = "$(TARGET_NAME)";
			};
			name = Release;
		};
		556E59BC1A07B0B80066F25D /* Debug */ = {
			isa = XCBuildConfiguration;
			buildSettings = {
				ALWAYS_SEARCH_USER_PATHS = NO;
				CLANG_CXX_LANGUAGE_STANDARD = "gnu++0x";
				CLANG_CXX_LIBRARY = "libc++";
				CLANG_ENABLE_MODULES = YES;
				CLANG_ENABLE_OBJC_ARC = YES;
				CLANG_WARN_BOOL_CONVERSION = YES;
				CLANG_WARN_CONSTANT_CONVERSION = YES;
				CLANG_WARN_DIRECT_OBJC_ISA_USAGE = YES_ERROR;
				CLANG_WARN_EMPTY_BODY = YES;
				CLANG_WARN_ENUM_CONVERSION = YES;
				CLANG_WARN_INFINITE_RECURSION = YES;
				CLANG_WARN_INT_CONVERSION = YES;
				CLANG_WARN_OBJC_ROOT_CLASS = YES_ERROR;
				CLANG_WARN_SUSPICIOUS_MOVE = YES;
				CLANG_WARN_UNREACHABLE_CODE = YES;
				CLANG_WARN__DUPLICATE_METHOD_MATCH = YES;
				COPY_PHASE_STRIP = NO;
				ENABLE_STRICT_OBJC_MSGSEND = YES;
				ENABLE_TESTABILITY = YES;
				GCC_C_LANGUAGE_STANDARD = gnu99;
				GCC_DYNAMIC_NO_PIC = NO;
				GCC_NO_COMMON_BLOCKS = YES;
				GCC_OPTIMIZATION_LEVEL = 0;
				GCC_PREPROCESSOR_DEFINITIONS = (
					"DEBUG=1",
					"$(inherited)",
				);
				GCC_SYMBOLS_PRIVATE_EXTERN = NO;
				GCC_WARN_64_TO_32_BIT_CONVERSION = YES;
				GCC_WARN_ABOUT_RETURN_TYPE = YES_ERROR;
				GCC_WARN_UNDECLARED_SELECTOR = YES;
				GCC_WARN_UNINITIALIZED_AUTOS = YES_AGGRESSIVE;
				GCC_WARN_UNUSED_FUNCTION = YES;
				GCC_WARN_UNUSED_VARIABLE = YES;
				MACOSX_DEPLOYMENT_TARGET = 10.10;
				MTL_ENABLE_DEBUG_INFO = YES;
				ONLY_ACTIVE_ARCH = YES;
				SDKROOT = macosx;
			};
			name = Debug;
		};
		556E59BD1A07B0B80066F25D /* Release */ = {
			isa = XCBuildConfiguration;
			buildSettings = {
				ALWAYS_SEARCH_USER_PATHS = NO;
				CLANG_CXX_LANGUAGE_STANDARD = "gnu++0x";
				CLANG_CXX_LIBRARY = "libc++";
				CLANG_ENABLE_MODULES = YES;
				CLANG_ENABLE_OBJC_ARC = YES;
				CLANG_WARN_BOOL_CONVERSION = YES;
				CLANG_WARN_CONSTANT_CONVERSION = YES;
				CLANG_WARN_DIRECT_OBJC_ISA_USAGE = YES_ERROR;
				CLANG_WARN_EMPTY_BODY = YES;
				CLANG_WARN_ENUM_CONVERSION = YES;
				CLANG_WARN_INFINITE_RECURSION = YES;
				CLANG_WARN_INT_CONVERSION = YES;
				CLANG_WARN_OBJC_ROOT_CLASS = YES_ERROR;
				CLANG_WARN_SUSPICIOUS_MOVE = YES;
				CLANG_WARN_UNREACHABLE_CODE = YES;
				CLANG_WARN__DUPLICATE_METHOD_MATCH = YES;
				COPY_PHASE_STRIP = YES;
				DEBUG_INFORMATION_FORMAT = "dwarf-with-dsym";
				ENABLE_NS_ASSERTIONS = NO;
				ENABLE_STRICT_OBJC_MSGSEND = YES;
				GCC_C_LANGUAGE_STANDARD = gnu99;
				GCC_NO_COMMON_BLOCKS = YES;
				GCC_WARN_64_TO_32_BIT_CONVERSION = YES;
				GCC_WARN_ABOUT_RETURN_TYPE = YES_ERROR;
				GCC_WARN_UNDECLARED_SELECTOR = YES;
				GCC_WARN_UNINITIALIZED_AUTOS = YES_AGGRESSIVE;
				GCC_WARN_UNUSED_FUNCTION = YES;
				GCC_WARN_UNUSED_VARIABLE = YES;
				MACOSX_DEPLOYMENT_TARGET = 10.10;
				MTL_ENABLE_DEBUG_INFO = NO;
				SDKROOT = macosx;
			};
			name = Release;
		};
/* End XCBuildConfiguration section */

/* Begin XCConfigurationList section */
		13491C761E2424E300E5B0EA /* Build configuration list for PBXNativeTarget "Strap" */ = {
			isa = XCConfigurationList;
			buildConfigurations = (
				13491C771E2424E300E5B0EA /* Debug */,
				13491C781E2424E300E5B0EA /* Release */,
			);
			defaultConfigurationIsVisible = 0;
			defaultConfigurationName = Release;
		};
		556E59B21A07B0B80066F25D /* Build configuration list for PBXProject "Strap" */ = {
			isa = XCConfigurationList;
			buildConfigurations = (
				556E59BC1A07B0B80066F25D /* Debug */,
				556E59BD1A07B0B80066F25D /* Release */,
			);
			defaultConfigurationIsVisible = 0;
			defaultConfigurationName = Release;
		};
/* End XCConfigurationList section */
	};
	rootObject = 556E59AF1A07B0B80066F25D /* Project object */;
}
