// !$*UTF8*$!
{
	archiveVersion = 1;
	classes = {
	};
	objectVersion = 46;
	objects = {

/* Begin PBXBuildFile section */
		631C2AAB1E3FD78C00D5D002 /* build.cc in Sources */ = {isa = PBXBuildFile; fileRef = 631C2AA91E3FD78C00D5D002 /* build.cc */; };
		631C2AAC1E3FD78C00D5D002 /* build.h in Sources */ = {isa = PBXBuildFile; fileRef = 631C2AAA1E3FD78C00D5D002 /* build.h */; };
		631C2AAE1E3FD7A100D5D002 /* libdyncall_s.a in Frameworks */ = {isa = PBXBuildFile; fileRef = 631C2AAD1E3FD7A100D5D002 /* libdyncall_s.a */; };
/* End PBXBuildFile section */

/* Begin PBXCopyFilesBuildPhase section */
		13491C701E2424E300E5B0EA /* CopyFiles */ = {
			isa = PBXCopyFilesBuildPhase;
			buildActionMask = 2147483647;
			dstPath = /usr/share/man/man1/;
			dstSubfolderSpec = 0;
			files = (
			);
			runOnlyForDeploymentPostprocessing = 1;
		};
/* End PBXCopyFilesBuildPhase section */

/* Begin PBXFileReference section */
		13491C721E2424E300E5B0EA /* dl */ = {isa = PBXFileReference; explicitFileType = "compiled.mach-o.executable"; includeInIndex = 0; path = dl; sourceTree = BUILT_PRODUCTS_DIR; };
		631C2AA91E3FD78C00D5D002 /* build.cc */ = {isa = PBXFileReference; lastKnownFileType = sourcecode.cpp.cpp; name = build.cc; path = dl/build/build.cc; sourceTree = "<group>"; };
		631C2AAA1E3FD78C00D5D002 /* build.h */ = {isa = PBXFileReference; lastKnownFileType = sourcecode.c.h; name = build.h; path = dl/build/build.h; sourceTree = "<group>"; };
		631C2AAD1E3FD7A100D5D002 /* libdyncall_s.a */ = {isa = PBXFileReference; lastKnownFileType = archive.ar; name = libdyncall_s.a; path = dl/build/libdyncall_s.a; sourceTree = "<group>"; };
		631C2AAF1E3FD95800D5D002 /* dl */ = {isa = PBXFileReference; lastKnownFileType = folder; path = dl; sourceTree = "<group>"; };
/* End PBXFileReference section */

/* Begin PBXFrameworksBuildPhase section */
		13491C6F1E2424E300E5B0EA /* Frameworks */ = {
			isa = PBXFrameworksBuildPhase;
			buildActionMask = 2147483647;
			files = (
				631C2AAE1E3FD7A100D5D002 /* libdyncall_s.a in Frameworks */,
			);
			runOnlyForDeploymentPostprocessing = 0;
		};
/* End PBXFrameworksBuildPhase section */

/* Begin PBXGroup section */
		556E59AE1A07B0B80066F25D = {
			isa = PBXGroup;
			children = (
				631C2AAF1E3FD95800D5D002 /* dl */,
				631C2AA91E3FD78C00D5D002 /* build.cc */,
				631C2AAA1E3FD78C00D5D002 /* build.h */,
				556E59B81A07B0B80066F25D /* Products */,
				63E5EA021E3B230E001AB640 /* Frameworks */,
			);
			sourceTree = "<group>";
		};
		556E59B81A07B0B80066F25D /* Products */ = {
			isa = PBXGroup;
			children = (
				13491C721E2424E300E5B0EA /* dl */,
			);
			name = Products;
			sourceTree = "<group>";
		};
		63E5EA021E3B230E001AB640 /* Frameworks */ = {
			isa = PBXGroup;
			children = (
				631C2AAD1E3FD7A100D5D002 /* libdyncall_s.a */,
			);
			name = Frameworks;
			sourceTree = "<group>";
		};
/* End PBXGroup section */

/* Begin PBXNativeTarget section */
		13491C711E2424E300E5B0EA /* dl */ = {
			isa = PBXNativeTarget;
			buildConfigurationList = 13491C761E2424E300E5B0EA /* Build configuration list for PBXNativeTarget "dl" */;
			buildPhases = (
				13491C6E1E2424E300E5B0EA /* Sources */,
				13491C6F1E2424E300E5B0EA /* Frameworks */,
				13491C701E2424E300E5B0EA /* CopyFiles */,
				13491C7E1E2425EB00E5B0EA /* ShellScript */,
			);
			buildRules = (
			);
			dependencies = (
			);
			name = dl;
			productName = Strap;
			productReference = 13491C721E2424E300E5B0EA /* dl */;
			productType = "com.apple.product-type.tool";
		};
/* End PBXNativeTarget section */

/* Begin PBXProject section */
		556E59AF1A07B0B80066F25D /* Project object */ = {
			isa = PBXProject;
			attributes = {
				LastUpgradeCheck = 0800;
				ORGANIZATIONNAME = "David Leroy Futscher";
				TargetAttributes = {
					13491C711E2424E300E5B0EA = {
						CreatedOnToolsVersion = 8.2.1;
						ProvisioningStyle = Automatic;
					};
				};
			};
			buildConfigurationList = 556E59B21A07B0B80066F25D /* Build configuration list for PBXProject "dl" */;
			compatibilityVersion = "Xcode 3.2";
			developmentRegion = English;
			hasScannedForEncodings = 0;
			knownRegions = (
				en,
			);
			mainGroup = 556E59AE1A07B0B80066F25D;
			productRefGroup = 556E59B81A07B0B80066F25D /* Products */;
			projectDirPath = "";
			projectRoot = "";
			targets = (
				13491C711E2424E300E5B0EA /* dl */,
			);
		};
/* End PBXProject section */

/* Begin PBXShellScriptBuildPhase section */
		13491C7E1E2425EB00E5B0EA /* ShellScript */ = {
			isa = PBXShellScriptBuildPhase;
			buildActionMask = 2147483647;
			files = (
			);
			inputPaths = (
			);
			outputPaths = (
			);
			runOnlyForDeploymentPostprocessing = 0;
			shellPath = /bin/sh;
			shellScript = "${PROJECT_DIR}/Tools/dl/Release/dl dl/Main.dl";
		};
/* End PBXShellScriptBuildPhase section */

/* Begin PBXSourcesBuildPhase section */
		13491C6E1E2424E300E5B0EA /* Sources */ = {
			isa = PBXSourcesBuildPhase;
			buildActionMask = 2147483647;
			files = (
				631C2AAB1E3FD78C00D5D002 /* build.cc in Sources */,
				631C2AAC1E3FD78C00D5D002 /* build.h in Sources */,
			);
			runOnlyForDeploymentPostprocessing = 0;
		};
/* End PBXSourcesBuildPhase section */

/* Begin XCBuildConfiguration section */
		13491C771E2424E300E5B0EA /* Debug */ = {
			isa = XCBuildConfiguration;
			buildSettings = {
				CLANG_ANALYZER_NONNULL = YES;
				CLANG_WARN_DOCUMENTATION_COMMENTS = YES;
				CODE_SIGN_IDENTITY = "-";
				DEBUG_INFORMATION_FORMAT = dwarf;
				GCC_WARN_ABOUT_RETURN_TYPE = NO;
				LIBRARY_SEARCH_PATHS = (
					"$(inherited)",
					"$(PROJECT_DIR)/Strap/build",
					"$(PROJECT_DIR)/dl/build",
				);
				MACOSX_DEPLOYMENT_TARGET = 10.12;
				OTHER_CFLAGS = "-Wno-parentheses-equality";
				PRODUCT_NAME = "$(TARGET_NAME)";
			};
			name = Debug;
		};
		13491C781E2424E300E5B0EA /* Release */ = {
			isa = XCBuildConfiguration;
			buildSettings = {
				CLANG_ANALYZER_NONNULL = YES;
				CLANG_WARN_DOCUMENTATION_COMMENTS = YES;
				CODE_SIGN_IDENTITY = "-";
				COPY_PHASE_STRIP = NO;
				GCC_WARN_ABOUT_RETURN_TYPE = NO;
				LIBRARY_SEARCH_PATHS = (
					"$(inherited)",
					"$(PROJECT_DIR)/Strap/build",
					"$(PROJECT_DIR)/dl/build",
				);
				MACOSX_DEPLOYMENT_TARGET = 10.12;
				OTHER_CFLAGS = "-Wno-parentheses-equality";
				PRODUCT_NAME = "$(TARGET_NAME)";
			};
			name = Release;
		};
		556E59BC1A07B0B80066F25D /* Debug */ = {
			isa = XCBuildConfiguration;
			buildSettings = {
				ALWAYS_SEARCH_USER_PATHS = NO;
				CLANG_CXX_LANGUAGE_STANDARD = "gnu++0x";
				CLANG_CXX_LIBRARY = "libc++";
				CLANG_ENABLE_MODULES = YES;
				CLANG_ENABLE_OBJC_ARC = YES;
				CLANG_WARN_BOOL_CONVERSION = YES;
				CLANG_WARN_CONSTANT_CONVERSION = YES;
				CLANG_WARN_DIRECT_OBJC_ISA_USAGE = YES_ERROR;
				CLANG_WARN_EMPTY_BODY = YES;
				CLANG_WARN_ENUM_CONVERSION = YES;
				CLANG_WARN_INFINITE_RECURSION = YES;
				CLANG_WARN_INT_CONVERSION = YES;
				CLANG_WARN_OBJC_ROOT_CLASS = YES_ERROR;
				CLANG_WARN_SUSPICIOUS_MOVE = YES;
				CLANG_WARN_UNREACHABLE_CODE = YES;
				CLANG_WARN__DUPLICATE_METHOD_MATCH = YES;
				COPY_PHASE_STRIP = NO;
				ENABLE_STRICT_OBJC_MSGSEND = YES;
				ENABLE_TESTABILITY = YES;
				GCC_C_LANGUAGE_STANDARD = gnu99;
				GCC_DYNAMIC_NO_PIC = NO;
				GCC_NO_COMMON_BLOCKS = YES;
				GCC_OPTIMIZATION_LEVEL = 0;
				GCC_PREPROCESSOR_DEFINITIONS = (
					"DEBUG=1",
					"$(inherited)",
				);
				GCC_SYMBOLS_PRIVATE_EXTERN = NO;
				GCC_WARN_64_TO_32_BIT_CONVERSION = YES;
				GCC_WARN_ABOUT_RETURN_TYPE = YES_ERROR;
				GCC_WARN_UNDECLARED_SELECTOR = YES;
				GCC_WARN_UNINITIALIZED_AUTOS = YES_AGGRESSIVE;
				GCC_WARN_UNUSED_FUNCTION = YES;
				GCC_WARN_UNUSED_VARIABLE = YES;
				MACOSX_DEPLOYMENT_TARGET = 10.10;
				MTL_ENABLE_DEBUG_INFO = YES;
				ONLY_ACTIVE_ARCH = YES;
				SDKROOT = macosx;
			};
			name = Debug;
		};
		556E59BD1A07B0B80066F25D /* Release */ = {
			isa = XCBuildConfiguration;
			buildSettings = {
				ALWAYS_SEARCH_USER_PATHS = NO;
				CLANG_CXX_LANGUAGE_STANDARD = "gnu++0x";
				CLANG_CXX_LIBRARY = "libc++";
				CLANG_ENABLE_MODULES = YES;
				CLANG_ENABLE_OBJC_ARC = YES;
				CLANG_WARN_BOOL_CONVERSION = YES;
				CLANG_WARN_CONSTANT_CONVERSION = YES;
				CLANG_WARN_DIRECT_OBJC_ISA_USAGE = YES_ERROR;
				CLANG_WARN_EMPTY_BODY = YES;
				CLANG_WARN_ENUM_CONVERSION = YES;
				CLANG_WARN_INFINITE_RECURSION = YES;
				CLANG_WARN_INT_CONVERSION = YES;
				CLANG_WARN_OBJC_ROOT_CLASS = YES_ERROR;
				CLANG_WARN_SUSPICIOUS_MOVE = YES;
				CLANG_WARN_UNREACHABLE_CODE = YES;
				CLANG_WARN__DUPLICATE_METHOD_MATCH = YES;
				COPY_PHASE_STRIP = YES;
				DEBUG_INFORMATION_FORMAT = "dwarf-with-dsym";
				ENABLE_NS_ASSERTIONS = NO;
				ENABLE_STRICT_OBJC_MSGSEND = YES;
				GCC_C_LANGUAGE_STANDARD = gnu99;
				GCC_NO_COMMON_BLOCKS = YES;
				GCC_WARN_64_TO_32_BIT_CONVERSION = YES;
				GCC_WARN_ABOUT_RETURN_TYPE = YES_ERROR;
				GCC_WARN_UNDECLARED_SELECTOR = YES;
				GCC_WARN_UNINITIALIZED_AUTOS = YES_AGGRESSIVE;
				GCC_WARN_UNUSED_FUNCTION = YES;
				GCC_WARN_UNUSED_VARIABLE = YES;
				MACOSX_DEPLOYMENT_TARGET = 10.10;
				MTL_ENABLE_DEBUG_INFO = NO;
				SDKROOT = macosx;
			};
			name = Release;
		};
/* End XCBuildConfiguration section */

/* Begin XCConfigurationList section */
		13491C761E2424E300E5B0EA /* Build configuration list for PBXNativeTarget "dl" */ = {
			isa = XCConfigurationList;
			buildConfigurations = (
				13491C771E2424E300E5B0EA /* Debug */,
				13491C781E2424E300E5B0EA /* Release */,
			);
			defaultConfigurationIsVisible = 0;
			defaultConfigurationName = Release;
		};
		556E59B21A07B0B80066F25D /* Build configuration list for PBXProject "dl" */ = {
			isa = XCConfigurationList;
			buildConfigurations = (
				556E59BC1A07B0B80066F25D /* Debug */,
				556E59BD1A07B0B80066F25D /* Release */,
			);
			defaultConfigurationIsVisible = 0;
			defaultConfigurationName = Release;
		};
/* End XCConfigurationList section */
	};
	rootObject = 556E59AF1A07B0B80066F25D /* Project object */;
}
